// !$*UTF8*$!
{
	archiveVersion = 1;
	classes = {
	};
	objectVersion = 46;
	objects = {

/* Begin PBXBuildFile section */
		6F677FC01CA43B7600D460EA /* AppDelegate.swift in Sources */ = {isa = PBXBuildFile; fileRef = 6F677FBF1CA43B7600D460EA /* AppDelegate.swift */; };
		6F677FC21CA43B7600D460EA /* ViewController.swift in Sources */ = {isa = PBXBuildFile; fileRef = 6F677FC11CA43B7600D460EA /* ViewController.swift */; };
		6F677FC51CA43B7600D460EA /* Main.storyboard in Resources */ = {isa = PBXBuildFile; fileRef = 6F677FC31CA43B7600D460EA /* Main.storyboard */; };
		6F677FC71CA43B7600D460EA /* Assets.xcassets in Resources */ = {isa = PBXBuildFile; fileRef = 6F677FC61CA43B7600D460EA /* Assets.xcassets */; };
		6F677FCA1CA43B7600D460EA /* LaunchScreen.storyboard in Resources */ = {isa = PBXBuildFile; fileRef = 6F677FC81CA43B7600D460EA /* LaunchScreen.storyboard */; };
		6F677FD51CA43B7600D460EA /* GitExampleTests.swift in Sources */ = {isa = PBXBuildFile; fileRef = 6F677FD41CA43B7600D460EA /* GitExampleTests.swift */; };
		6F677FE01CA43B7600D460EA /* GitExampleUITests.swift in Sources */ = {isa = PBXBuildFile; fileRef = 6F677FDF1CA43B7600D460EA /* GitExampleUITests.swift */; };
/* End PBXBuildFile section */

/* Begin PBXContainerItemProxy section */
		6F677FD11CA43B7600D460EA /* PBXContainerItemProxy */ = {
			isa = PBXContainerItemProxy;
			containerPortal = 6F677FB41CA43B7600D460EA /* Project object */;
			proxyType = 1;
			remoteGlobalIDString = 6F677FBB1CA43B7600D460EA;
			remoteInfo = GitExample;
		};
		6F677FDC1CA43B7600D460EA /* PBXContainerItemProxy */ = {
			isa = PBXContainerItemProxy;
			containerPortal = 6F677FB41CA43B7600D460EA /* Project object */;
			proxyType = 1;
			remoteGlobalIDString = 6F677FBB1CA43B7600D460EA;
			remoteInfo = GitExample;
		};
/* End PBXContainerItemProxy section */

/* Begin PBXFileReference section */
		6F677FBC1CA43B7600D460EA /* GitExample.app */ = {isa = PBXFileReference; explicitFileType = wrapper.application; includeInIndex = 0; path = GitExample.app; sourceTree = BUILT_PRODUCTS_DIR; };
		6F677FBF1CA43B7600D460EA /* AppDelegate.swift */ = {isa = PBXFileReference; lastKnownFileType = sourcecode.swift; path = AppDelegate.swift; sourceTree = "<group>"; };
		6F677FC11CA43B7600D460EA /* ViewController.swift */ = {isa = PBXFileReference; lastKnownFileType = sourcecode.swift; path = ViewController.swift; sourceTree = "<group>"; };
		6F677FC41CA43B7600D460EA /* Base */ = {isa = PBXFileReference; lastKnownFileType = file.storyboard; name = Base; path = Base.lproj/Main.storyboard; sourceTree = "<group>"; };
		6F677FC61CA43B7600D460EA /* Assets.xcassets */ = {isa = PBXFileReference; lastKnownFileType = folder.assetcatalog; path = Assets.xcassets; sourceTree = "<group>"; };
		6F677FC91CA43B7600D460EA /* Base */ = {isa = PBXFileReference; lastKnownFileType = file.storyboard; name = Base; path = Base.lproj/LaunchScreen.storyboard; sourceTree = "<group>"; };
		6F677FCB1CA43B7600D460EA /* Info.plist */ = {isa = PBXFileReference; lastKnownFileType = text.plist.xml; path = Info.plist; sourceTree = "<group>"; };
		6F677FD01CA43B7600D460EA /* GitExampleTests.xctest */ = {isa = PBXFileReference; explicitFileType = wrapper.cfbundle; includeInIndex = 0; path = GitExampleTests.xctest; sourceTree = BUILT_PRODUCTS_DIR; };
		6F677FD41CA43B7600D460EA /* GitExampleTests.swift */ = {isa = PBXFileReference; lastKnownFileType = sourcecode.swift; path = GitExampleTests.swift; sourceTree = "<group>"; };
		6F677FD61CA43B7600D460EA /* Info.plist */ = {isa = PBXFileReference; lastKnownFileType = text.plist.xml; path = Info.plist; sourceTree = "<group>"; };
		6F677FDB1CA43B7600D460EA /* GitExampleUITests.xctest */ = {isa = PBXFileReference; explicitFileType = wrapper.cfbundle; includeInIndex = 0; path = GitExampleUITests.xctest; sourceTree = BUILT_PRODUCTS_DIR; };
		6F677FDF1CA43B7600D460EA /* GitExampleUITests.swift */ = {isa = PBXFileReference; lastKnownFileType = sourcecode.swift; path = GitExampleUITests.swift; sourceTree = "<group>"; };
		6F677FE11CA43B7600D460EA /* Info.plist */ = {isa = PBXFileReference; lastKnownFileType = text.plist.xml; path = Info.plist; sourceTree = "<group>"; };
/* End PBXFileReference section */

/* Begin PBXFrameworksBuildPhase section */
		6F677FB91CA43B7600D460EA /* Frameworks */ = {
			isa = PBXFrameworksBuildPhase;
			buildActionMask = 2147483647;
			files = (
			);
			runOnlyForDeploymentPostprocessing = 0;
		};
		6F677FCD1CA43B7600D460EA /* Frameworks */ = {
			isa = PBXFrameworksBuildPhase;
			buildActionMask = 2147483647;
			files = (
			);
			runOnlyForDeploymentPostprocessing = 0;
		};
		6F677FD81CA43B7600D460EA /* Frameworks */ = {
			isa = PBXFrameworksBuildPhase;
			buildActionMask = 2147483647;
			files = (
			);
			runOnlyForDeploymentPostprocessing = 0;
		};
/* End PBXFrameworksBuildPhase section */

/* Begin PBXGroup section */
		6F677FB31CA43B7600D460EA = {
			isa = PBXGroup;
			children = (
				6F677FBE1CA43B7600D460EA /* GitExample */,
				6F677FD31CA43B7600D460EA /* GitExampleTests */,
				6F677FDE1CA43B7600D460EA /* GitExampleUITests */,
				6F677FBD1CA43B7600D460EA /* Products */,
			);
			sourceTree = "<group>";
		};
		6F677FBD1CA43B7600D460EA /* Products */ = {
			isa = PBXGroup;
			children = (
				6F677FBC1CA43B7600D460EA /* GitExample.app */,
				6F677FD01CA43B7600D460EA /* GitExampleTests.xctest */,
				6F677FDB1CA43B7600D460EA /* GitExampleUITests.xctest */,
			);
			name = Products;
			sourceTree = "<group>";
		};
		6F677FBE1CA43B7600D460EA /* GitExample */ = {
			isa = PBXGroup;
			children = (
				6F677FBF1CA43B7600D460EA /* AppDelegate.swift */,
				6F677FC11CA43B7600D460EA /* ViewController.swift */,
				6F677FC31CA43B7600D460EA /* Main.storyboard */,
				6F677FC61CA43B7600D460EA /* Assets.xcassets */,
				6F677FC81CA43B7600D460EA /* LaunchScreen.storyboard */,
				6F677FCB1CA43B7600D460EA /* Info.plist */,
			);
			path = GitExample;
			sourceTree = "<group>";
		};
		6F677FD31CA43B7600D460EA /* GitExampleTests */ = {
			isa = PBXGroup;
			children = (
				6F677FD41CA43B7600D460EA /* GitExampleTests.swift */,
				6F677FD61CA43B7600D460EA /* Info.plist */,
			);
			path = GitExampleTests;
			sourceTree = "<group>";
		};
		6F677FDE1CA43B7600D460EA /* GitExampleUITests */ = {
			isa = PBXGroup;
			children = (
				6F677FDF1CA43B7600D460EA /* GitExampleUITests.swift */,
				6F677FE11CA43B7600D460EA /* Info.plist */,
			);
			path = GitExampleUITests;
			sourceTree = "<group>";
		};
/* End PBXGroup section */

/* Begin PBXNativeTarget section */
		6F677FBB1CA43B7600D460EA /* GitExample */ = {
			isa = PBXNativeTarget;
			buildConfigurationList = 6F677FE41CA43B7600D460EA /* Build configuration list for PBXNativeTarget "GitExample" */;
			buildPhases = (
				6F677FB81CA43B7600D460EA /* Sources */,
				6F677FB91CA43B7600D460EA /* Frameworks */,
				6F677FBA1CA43B7600D460EA /* Resources */,
			);
			buildRules = (
			);
			dependencies = (
			);
			name = GitExample;
			productName = GitExample;
			productReference = 6F677FBC1CA43B7600D460EA /* GitExample.app */;
			productType = "com.apple.product-type.application";
		};
		6F677FCF1CA43B7600D460EA /* GitExampleTests */ = {
			isa = PBXNativeTarget;
			buildConfigurationList = 6F677FE71CA43B7600D460EA /* Build configuration list for PBXNativeTarget "GitExampleTests" */;
			buildPhases = (
				6F677FCC1CA43B7600D460EA /* Sources */,
				6F677FCD1CA43B7600D460EA /* Frameworks */,
				6F677FCE1CA43B7600D460EA /* Resources */,
			);
			buildRules = (
			);
			dependencies = (
				6F677FD21CA43B7600D460EA /* PBXTargetDependency */,
			);
			name = GitExampleTests;
			productName = GitExampleTests;
			productReference = 6F677FD01CA43B7600D460EA /* GitExampleTests.xctest */;
			productType = "com.apple.product-type.bundle.unit-test";
		};
		6F677FDA1CA43B7600D460EA /* GitExampleUITests */ = {
			isa = PBXNativeTarget;
			buildConfigurationList = 6F677FEA1CA43B7600D460EA /* Build configuration list for PBXNativeTarget "GitExampleUITests" */;
			buildPhases = (
				6F677FD71CA43B7600D460EA /* Sources */,
				6F677FD81CA43B7600D460EA /* Frameworks */,
				6F677FD91CA43B7600D460EA /* Resources */,
			);
			buildRules = (
			);
			dependencies = (
				6F677FDD1CA43B7600D460EA /* PBXTargetDependency */,
			);
			name = GitExampleUITests;
			productName = GitExampleUITests;
			productReference = 6F677FDB1CA43B7600D460EA /* GitExampleUITests.xctest */;
			productType = "com.apple.product-type.bundle.ui-testing";
		};
/* End PBXNativeTarget section */

/* Begin PBXProject section */
		6F677FB41CA43B7600D460EA /* Project object */ = {
			isa = PBXProject;
			attributes = {
				LastSwiftUpdateCheck = 0730;
				LastUpgradeCheck = 0730;
				ORGANIZATIONNAME = "German Gonzalez";
				TargetAttributes = {
					6F677FBB1CA43B7600D460EA = {
						CreatedOnToolsVersion = 7.3;
					};
					6F677FCF1CA43B7600D460EA = {
						CreatedOnToolsVersion = 7.3;
						TestTargetID = 6F677FBB1CA43B7600D460EA;
					};
					6F677FDA1CA43B7600D460EA = {
						CreatedOnToolsVersion = 7.3;
						TestTargetID = 6F677FBB1CA43B7600D460EA;
					};
				};
			};
			buildConfigurationList = 6F677FB71CA43B7600D460EA /* Build configuration list for PBXProject "GitExample" */;
			compatibilityVersion = "Xcode 3.2";
			developmentRegion = English;
			hasScannedForEncodings = 0;
			knownRegions = (
				en,
				Base,
			);
			mainGroup = 6F677FB31CA43B7600D460EA;
			productRefGroup = 6F677FBD1CA43B7600D460EA /* Products */;
			projectDirPath = "";
			projectRoot = "";
			targets = (
				6F677FBB1CA43B7600D460EA /* GitExample */,
				6F677FCF1CA43B7600D460EA /* GitExampleTests */,
				6F677FDA1CA43B7600D460EA /* GitExampleUITests */,
			);
		};
/* End PBXProject section */

/* Begin PBXResourcesBuildPhase section */
		6F677FBA1CA43B7600D460EA /* Resources */ = {
			isa = PBXResourcesBuildPhase;
			buildActionMask = 2147483647;
			files = (
				6F677FCA1CA43B7600D460EA /* LaunchScreen.storyboard in Resources */,
				6F677FC71CA43B7600D460EA /* Assets.xcassets in Resources */,
				6F677FC51CA43B7600D460EA /* Main.storyboard in Resources */,
			);
			runOnlyForDeploymentPostprocessing = 0;
		};
		6F677FCE1CA43B7600D460EA /* Resources */ = {
			isa = PBXResourcesBuildPhase;
			buildActionMask = 2147483647;
			files = (
			);
			runOnlyForDeploymentPostprocessing = 0;
		};
		6F677FD91CA43B7600D460EA /* Resources */ = {
			isa = PBXResourcesBuildPhase;
			buildActionMask = 2147483647;
			files = (
			);
			runOnlyForDeploymentPostprocessing = 0;
		};
/* End PBXResourcesBuildPhase section */

/* Begin PBXSourcesBuildPhase section */
		6F677FB81CA43B7600D460EA /* Sources */ = {
			isa = PBXSourcesBuildPhase;
			buildActionMask = 2147483647;
			files = (
				6F677FC21CA43B7600D460EA /* ViewController.swift in Sources */,
				6F677FC01CA43B7600D460EA /* AppDelegate.swift in Sources */,
			);
			runOnlyForDeploymentPostprocessing = 0;
		};
		6F677FCC1CA43B7600D460EA /* Sources */ = {
			isa = PBXSourcesBuildPhase;
			buildActionMask = 2147483647;
			files = (
				6F677FD51CA43B7600D460EA /* GitExampleTests.swift in Sources */,
			);
			runOnlyForDeploymentPostprocessing = 0;
		};
		6F677FD71CA43B7600D460EA /* Sources */ = {
			isa = PBXSourcesBuildPhase;
			buildActionMask = 2147483647;
			files = (
				6F677FE01CA43B7600D460EA /* GitExampleUITests.swift in Sources */,
			);
			runOnlyForDeploymentPostprocessing = 0;
		};
/* End PBXSourcesBuildPhase section */

/* Begin PBXTargetDependency section */
		6F677FD21CA43B7600D460EA /* PBXTargetDependency */ = {
			isa = PBXTargetDependency;
			target = 6F677FBB1CA43B7600D460EA /* GitExample */;
			targetProxy = 6F677FD11CA43B7600D460EA /* PBXContainerItemProxy */;
		};
		6F677FDD1CA43B7600D460EA /* PBXTargetDependency */ = {
			isa = PBXTargetDependency;
			target = 6F677FBB1CA43B7600D460EA /* GitExample */;
			targetProxy = 6F677FDC1CA43B7600D460EA /* PBXContainerItemProxy */;
		};
/* End PBXTargetDependency section */

/* Begin PBXVariantGroup section */
		6F677FC31CA43B7600D460EA /* Main.storyboard */ = {
			isa = PBXVariantGroup;
			children = (
				6F677FC41CA43B7600D460EA /* Base */,
			);
			name = Main.storyboard;
			sourceTree = "<group>";
		};
		6F677FC81CA43B7600D460EA /* LaunchScreen.storyboard */ = {
			isa = PBXVariantGroup;
			children = (
				6F677FC91CA43B7600D460EA /* Base */,
			);
			name = LaunchScreen.storyboard;
			sourceTree = "<group>";
		};
/* End PBXVariantGroup section */

/* Begin XCBuildConfiguration section */
		6F677FE21CA43B7600D460EA /* Debug */ = {
			isa = XCBuildConfiguration;
			buildSettings = {
				ALWAYS_SEARCH_USER_PATHS = NO;
				CLANG_ANALYZER_NONNULL = YES;
				CLANG_CXX_LANGUAGE_STANDARD = "gnu++0x";
				CLANG_CXX_LIBRARY = "libc++";
				CLANG_ENABLE_MODULES = YES;
				CLANG_ENABLE_OBJC_ARC = YES;
				CLANG_WARN_BOOL_CONVERSION = YES;
				CLANG_WARN_CONSTANT_CONVERSION = YES;
				CLANG_WARN_DIRECT_OBJC_ISA_USAGE = YES_ERROR;
				CLANG_WARN_EMPTY_BODY = YES;
				CLANG_WARN_ENUM_CONVERSION = YES;
				CLANG_WARN_INT_CONVERSION = YES;
				CLANG_WARN_OBJC_ROOT_CLASS = YES_ERROR;
				CLANG_WARN_UNREACHABLE_CODE = YES;
				CLANG_WARN__DUPLICATE_METHOD_MATCH = YES;
				"CODE_SIGN_IDENTITY[sdk=iphoneos*]" = "iPhone Developer";
				COPY_PHASE_STRIP = NO;
				DEBUG_INFORMATION_FORMAT = dwarf;
				ENABLE_STRICT_OBJC_MSGSEND = YES;
				ENABLE_TESTABILITY = YES;
				GCC_C_LANGUAGE_STANDARD = gnu99;
				GCC_DYNAMIC_NO_PIC = NO;
				GCC_NO_COMMON_BLOCKS = YES;
				GCC_OPTIMIZATION_LEVEL = 0;
				GCC_PREPROCESSOR_DEFINITIONS = (
					"DEBUG=1",
					"$(inherited)",
				);
				GCC_WARN_64_TO_32_BIT_CONVERSION = YES;
				GCC_WARN_ABOUT_RETURN_TYPE = YES_ERROR;
				GCC_WARN_UNDECLARED_SELECTOR = YES;
				GCC_WARN_UNINITIALIZED_AUTOS = YES_AGGRESSIVE;
				GCC_WARN_UNUSED_FUNCTION = YES;
				GCC_WARN_UNUSED_VARIABLE = YES;
				IPHONEOS_DEPLOYMENT_TARGET = 9.3;
				MTL_ENABLE_DEBUG_INFO = YES;
				ONLY_ACTIVE_ARCH = YES;
				SDKROOT = iphoneos;
				SWIFT_OPTIMIZATION_LEVEL = "-Onone";
			};
			name = Debug;
		};
		6F677FE31CA43B7600D460EA /* Release */ = {
			isa = XCBuildConfiguration;
			buildSettings = {
				ALWAYS_SEARCH_USER_PATHS = NO;
				CLANG_ANALYZER_NONNULL = YES;
				CLANG_CXX_LANGUAGE_STANDARD = "gnu++0x";
				CLANG_CXX_LIBRARY = "libc++";
				CLANG_ENABLE_MODULES = YES;
				CLANG_ENABLE_OBJC_ARC = YES;
				CLANG_WARN_BOOL_CONVERSION = YES;
				CLANG_WARN_CONSTANT_CONVERSION = YES;
				CLANG_WARN_DIRECT_OBJC_ISA_USAGE = YES_ERROR;
				CLANG_WARN_EMPTY_BODY = YES;
				CLANG_WARN_ENUM_CONVERSION = YES;
				CLANG_WARN_INT_CONVERSION = YES;
				CLANG_WARN_OBJC_ROOT_CLASS = YES_ERROR;
				CLANG_WARN_UNREACHABLE_CODE = YES;
				CLANG_WARN__DUPLICATE_METHOD_MATCH = YES;
				"CODE_SIGN_IDENTITY[sdk=iphoneos*]" = "iPhone Developer";
				COPY_PHASE_STRIP = NO;
				DEBUG_INFORMATION_FORMAT = "dwarf-with-dsym";
				ENABLE_NS_ASSERTIONS = NO;
				ENABLE_STRICT_OBJC_MSGSEND = YES;
				GCC_C_LANGUAGE_STANDARD = gnu99;
				GCC_NO_COMMON_BLOCKS = YES;
				GCC_WARN_64_TO_32_BIT_CONVERSION = YES;
				GCC_WARN_ABOUT_RETURN_TYPE = YES_ERROR;
				GCC_WARN_UNDECLARED_SELECTOR = YES;
				GCC_WARN_UNINITIALIZED_AUTOS = YES_AGGRESSIVE;
				GCC_WARN_UNUSED_FUNCTION = YES;
				GCC_WARN_UNUSED_VARIABLE = YES;
				IPHONEOS_DEPLOYMENT_TARGET = 9.3;
				MTL_ENABLE_DEBUG_INFO = NO;
				SDKROOT = iphoneos;
				VALIDATE_PRODUCT = YES;
			};
			name = Release;
		};
		6F677FE51CA43B7600D460EA /* Debug */ = {
			isa = XCBuildConfiguration;
			buildSettings = {
				ASSETCATALOG_COMPILER_APPICON_NAME = AppIcon;
				INFOPLIST_FILE = GitExample/Info.plist;
				LD_RUNPATH_SEARCH_PATHS = "$(inherited) @executable_path/Frameworks";
				PRODUCT_BUNDLE_IDENTIFIER = com.KeinSein.GitExample;
				PRODUCT_NAME = "$(TARGET_NAME)";
			};
			name = Debug;
		};
		6F677FE61CA43B7600D460EA /* Release */ = {
			isa = XCBuildConfiguration;
			buildSettings = {
				ASSETCATALOG_COMPILER_APPICON_NAME = AppIcon;
				INFOPLIST_FILE = GitExample/Info.plist;
				LD_RUNPATH_SEARCH_PATHS = "$(inherited) @executable_path/Frameworks";
				PRODUCT_BUNDLE_IDENTIFIER = com.KeinSein.GitExample;
				PRODUCT_NAME = "$(TARGET_NAME)";
			};
			name = Release;
		};
		6F677FE81CA43B7600D460EA /* Debug */ = {
			isa = XCBuildConfiguration;
			buildSettings = {
				BUNDLE_LOADER = "$(TEST_HOST)";
				INFOPLIST_FILE = GitExampleTests/Info.plist;
				LD_RUNPATH_SEARCH_PATHS = "$(inherited) @executable_path/Frameworks @loader_path/Frameworks";
				PRODUCT_BUNDLE_IDENTIFIER = com.KeinSein.GitExampleTests;
				PRODUCT_NAME = "$(TARGET_NAME)";
				TEST_HOST = "$(BUILT_PRODUCTS_DIR)/GitExample.app/GitExample";
			};
			name = Debug;
		};
		6F677FE91CA43B7600D460EA /* Release */ = {
			isa = XCBuildConfiguration;
			buildSettings = {
				BUNDLE_LOADER = "$(TEST_HOST)";
				INFOPLIST_FILE = GitExampleTests/Info.plist;
				LD_RUNPATH_SEARCH_PATHS = "$(inherited) @executable_path/Frameworks @loader_path/Frameworks";
				PRODUCT_BUNDLE_IDENTIFIER = com.KeinSein.GitExampleTests;
				PRODUCT_NAME = "$(TARGET_NAME)";
				TEST_HOST = "$(BUILT_PRODUCTS_DIR)/GitExample.app/GitExample";
			};
			name = Release;
		};
		6F677FEB1CA43B7600D460EA /* Debug */ = {
			isa = XCBuildConfiguration;
			buildSettings = {
				INFOPLIST_FILE = GitExampleUITests/Info.plist;
				LD_RUNPATH_SEARCH_PATHS = "$(inherited) @executable_path/Frameworks @loader_path/Frameworks";
				PRODUCT_BUNDLE_IDENTIFIER = com.KeinSein.GitExampleUITests;
				PRODUCT_NAME = "$(TARGET_NAME)";
				TEST_TARGET_NAME = GitExample;
			};
			name = Debug;
		};
		6F677FEC1CA43B7600D460EA /* Release */ = {
			isa = XCBuildConfiguration;
			buildSettings = {
				INFOPLIST_FILE = GitExampleUITests/Info.plist;
				LD_RUNPATH_SEARCH_PATHS = "$(inherited) @executable_path/Frameworks @loader_path/Frameworks";
				PRODUCT_BUNDLE_IDENTIFIER = com.KeinSein.GitExampleUITests;
				PRODUCT_NAME = "$(TARGET_NAME)";
				TEST_TARGET_NAME = GitExample;
			};
			name = Release;
		};
/* End XCBuildConfiguration section */

/* Begin XCConfigurationList section */
		6F677FB71CA43B7600D460EA /* Build configuration list for PBXProject "GitExample" */ = {
			isa = XCConfigurationList;
			buildConfigurations = (
				6F677FE21CA43B7600D460EA /* Debug */,
				6F677FE31CA43B7600D460EA /* Release */,
			);
			defaultConfigurationIsVisible = 0;
			defaultConfigurationName = Release;
		};
		6F677FE41CA43B7600D460EA /* Build configuration list for PBXNativeTarget "GitExample" */ = {
			isa = XCConfigurationList;
			buildConfigurations = (
				6F677FE51CA43B7600D460EA /* Debug */,
				6F677FE61CA43B7600D460EA /* Release */,
			);
			defaultConfigurationIsVisible = 0;
		};
		6F677FE71CA43B7600D460EA /* Build configuration list for PBXNativeTarget "GitExampleTests" */ = {
			isa = XCConfigurationList;
			buildConfigurations = (
				6F677FE81CA43B7600D460EA /* Debug */,
				6F677FE91CA43B7600D460EA /* Release */,
			);
			defaultConfigurationIsVisible = 0;
		};
		6F677FEA1CA43B7600D460EA /* Build configuration list for PBXNativeTarget "GitExampleUITests" */ = {
			isa = XCConfigurationList;
			buildConfigurations = (
				6F677FEB1CA43B7600D460EA /* Debug */,
				6F677FEC1CA43B7600D460EA /* Release */,
			);
			defaultConfigurationIsVisible = 0;
		};
/* End XCConfigurationList section */
	};
	rootObject = 6F677FB41CA43B7600D460EA /* Project object */;
}
